// !$*UTF8*$!
{
	archiveVersion = 1;
	classes = {
	};
	objectVersion = 77;
	objects = {

/* Begin PBXContainerItemProxy section */
		7177F4932D9B077E006CC9DB /* PBXContainerItemProxy */ = {
			isa = PBXContainerItemProxy;
			containerPortal = 7177F47A2D9B077D006CC9DB /* Project object */;
			proxyType = 1;
			remoteGlobalIDString = 7177F4812D9B077D006CC9DB;
			remoteInfo = VPN;
		};
		7177F49D2D9B077E006CC9DB /* PBXContainerItemProxy */ = {
			isa = PBXContainerItemProxy;
			containerPortal = 7177F47A2D9B077D006CC9DB /* Project object */;
			proxyType = 1;
			remoteGlobalIDString = 7177F4812D9B077D006CC9DB;
			remoteInfo = VPN;
		};
/* End PBXContainerItemProxy section */

/* Begin PBXFileReference section */
		7177F4822D9B077D006CC9DB /* VPN.app */ = {isa = PBXFileReference; explicitFileType = wrapper.application; includeInIndex = 0; path = VPN.app; sourceTree = BUILT_PRODUCTS_DIR; };
		7177F4922D9B077E006CC9DB /* VPNTests.xctest */ = {isa = PBXFileReference; explicitFileType = wrapper.cfbundle; includeInIndex = 0; path = VPNTests.xctest; sourceTree = BUILT_PRODUCTS_DIR; };
		7177F49C2D9B077E006CC9DB /* VPNUITests.xctest */ = {isa = PBXFileReference; explicitFileType = wrapper.cfbundle; includeInIndex = 0; path = VPNUITests.xctest; sourceTree = BUILT_PRODUCTS_DIR; };
/* End PBXFileReference section */

/* Begin PBXFileSystemSynchronizedRootGroup section */
		7177F4842D9B077D006CC9DB /* VPN */ = {
			isa = PBXFileSystemSynchronizedRootGroup;
			path = VPN;
			sourceTree = "<group>";
		};
		7177F4952D9B077E006CC9DB /* VPNTests */ = {
			isa = PBXFileSystemSynchronizedRootGroup;
			path = VPNTests;
			sourceTree = "<group>";
		};
		7177F49F2D9B077E006CC9DB /* VPNUITests */ = {
			isa = PBXFileSystemSynchronizedRootGroup;
			path = VPNUITests;
			sourceTree = "<group>";
		};
/* End PBXFileSystemSynchronizedRootGroup section */

/* Begin PBXFrameworksBuildPhase section */
		7177F47F2D9B077D006CC9DB /* Frameworks */ = {
			isa = PBXFrameworksBuildPhase;
			buildActionMask = 2147483647;
			files = (
			);
			runOnlyForDeploymentPostprocessing = 0;
		};
		7177F48F2D9B077E006CC9DB /* Frameworks */ = {
			isa = PBXFrameworksBuildPhase;
			buildActionMask = 2147483647;
			files = (
			);
			runOnlyForDeploymentPostprocessing = 0;
		};
		7177F4992D9B077E006CC9DB /* Frameworks */ = {
			isa = PBXFrameworksBuildPhase;
			buildActionMask = 2147483647;
			files = (
			);
			runOnlyForDeploymentPostprocessing = 0;
		};
/* End PBXFrameworksBuildPhase section */

/* Begin PBXGroup section */
		7177F4792D9B077D006CC9DB = {
			isa = PBXGroup;
			children = (
				7177F4842D9B077D006CC9DB /* VPN */,
				7177F4952D9B077E006CC9DB /* VPNTests */,
				7177F49F2D9B077E006CC9DB /* VPNUITests */,
				7177F4832D9B077D006CC9DB /* Products */,
			);
			sourceTree = "<group>";
		};
		7177F4832D9B077D006CC9DB /* Products */ = {
			isa = PBXGroup;
			children = (
				7177F4822D9B077D006CC9DB /* VPN.app */,
				7177F4922D9B077E006CC9DB /* VPNTests.xctest */,
				7177F49C2D9B077E006CC9DB /* VPNUITests.xctest */,
			);
			name = Products;
			sourceTree = "<group>";
		};
/* End PBXGroup section */

/* Begin PBXNativeTarget section */
		7177F4812D9B077D006CC9DB /* VPN */ = {
			isa = PBXNativeTarget;
			buildConfigurationList = 7177F4A62D9B077E006CC9DB /* Build configuration list for PBXNativeTarget "VPN" */;
			buildPhases = (
				7177F47E2D9B077D006CC9DB /* Sources */,
				7177F47F2D9B077D006CC9DB /* Frameworks */,
				7177F4802D9B077D006CC9DB /* Resources */,
			);
			buildRules = (
			);
			dependencies = (
			);
			fileSystemSynchronizedGroups = (
				7177F4842D9B077D006CC9DB /* VPN */,
			);
			name = VPN;
			packageProductDependencies = (
			);
			productName = VPN;
			productReference = 7177F4822D9B077D006CC9DB /* VPN.app */;
			productType = "com.apple.product-type.application";
		};
		7177F4912D9B077E006CC9DB /* VPNTests */ = {
			isa = PBXNativeTarget;
			buildConfigurationList = 7177F4A92D9B077E006CC9DB /* Build configuration list for PBXNativeTarget "VPNTests" */;
			buildPhases = (
				7177F48E2D9B077E006CC9DB /* Sources */,
				7177F48F2D9B077E006CC9DB /* Frameworks */,
				7177F4902D9B077E006CC9DB /* Resources */,
			);
			buildRules = (
			);
			dependencies = (
				7177F4942D9B077E006CC9DB /* PBXTargetDependency */,
			);
			fileSystemSynchronizedGroups = (
				7177F4952D9B077E006CC9DB /* VPNTests */,
			);
			name = VPNTests;
			packageProductDependencies = (
			);
			productName = VPNTests;
			productReference = 7177F4922D9B077E006CC9DB /* VPNTests.xctest */;
			productType = "com.apple.product-type.bundle.unit-test";
		};
		7177F49B2D9B077E006CC9DB /* VPNUITests */ = {
			isa = PBXNativeTarget;
			buildConfigurationList = 7177F4AC2D9B077E006CC9DB /* Build configuration list for PBXNativeTarget "VPNUITests" */;
			buildPhases = (
				7177F4982D9B077E006CC9DB /* Sources */,
				7177F4992D9B077E006CC9DB /* Frameworks */,
				7177F49A2D9B077E006CC9DB /* Resources */,
			);
			buildRules = (
			);
			dependencies = (
				7177F49E2D9B077E006CC9DB /* PBXTargetDependency */,
			);
			fileSystemSynchronizedGroups = (
				7177F49F2D9B077E006CC9DB /* VPNUITests */,
			);
			name = VPNUITests;
			packageProductDependencies = (
			);
			productName = VPNUITests;
			productReference = 7177F49C2D9B077E006CC9DB /* VPNUITests.xctest */;
			productType = "com.apple.product-type.bundle.ui-testing";
		};
/* End PBXNativeTarget section */

/* Begin PBXProject section */
		7177F47A2D9B077D006CC9DB /* Project object */ = {
			isa = PBXProject;
			attributes = {
				BuildIndependentTargetsInParallel = 1;
				LastSwiftUpdateCheck = 1620;
				LastUpgradeCheck = 1620;
				TargetAttributes = {
					7177F4812D9B077D006CC9DB = {
						CreatedOnToolsVersion = 16.2;
					};
					7177F4912D9B077E006CC9DB = {
						CreatedOnToolsVersion = 16.2;
						TestTargetID = 7177F4812D9B077D006CC9DB;
					};
					7177F49B2D9B077E006CC9DB = {
						CreatedOnToolsVersion = 16.2;
						TestTargetID = 7177F4812D9B077D006CC9DB;
					};
				};
			};
			buildConfigurationList = 7177F47D2D9B077D006CC9DB /* Build configuration list for PBXProject "VPN" */;
			developmentRegion = en;
			hasScannedForEncodings = 0;
			knownRegions = (
				en,
				Base,
			);
			mainGroup = 7177F4792D9B077D006CC9DB;
			minimizedProjectReferenceProxies = 1;
			preferredProjectObjectVersion = 77;
			productRefGroup = 7177F4832D9B077D006CC9DB /* Products */;
			projectDirPath = "";
			projectRoot = "";
			targets = (
				7177F4812D9B077D006CC9DB /* VPN */,
				7177F4912D9B077E006CC9DB /* VPNTests */,
				7177F49B2D9B077E006CC9DB /* VPNUITests */,
			);
		};
/* End PBXProject section */

/* Begin PBXResourcesBuildPhase section */
		7177F4802D9B077D006CC9DB /* Resources */ = {
			isa = PBXResourcesBuildPhase;
			buildActionMask = 2147483647;
			files = (
			);
			runOnlyForDeploymentPostprocessing = 0;
		};
		7177F4902D9B077E006CC9DB /* Resources */ = {
			isa = PBXResourcesBuildPhase;
			buildActionMask = 2147483647;
			files = (
			);
			runOnlyForDeploymentPostprocessing = 0;
		};
		7177F49A2D9B077E006CC9DB /* Resources */ = {
			isa = PBXResourcesBuildPhase;
			buildActionMask = 2147483647;
			files = (
			);
			runOnlyForDeploymentPostprocessing = 0;
		};
/* End PBXResourcesBuildPhase section */

/* Begin PBXSourcesBuildPhase section */
		7177F47E2D9B077D006CC9DB /* Sources */ = {
			isa = PBXSourcesBuildPhase;
			buildActionMask = 2147483647;
			files = (
			);
			runOnlyForDeploymentPostprocessing = 0;
		};
		7177F48E2D9B077E006CC9DB /* Sources */ = {
			isa = PBXSourcesBuildPhase;
			buildActionMask = 2147483647;
			files = (
			);
			runOnlyForDeploymentPostprocessing = 0;
		};
		7177F4982D9B077E006CC9DB /* Sources */ = {
			isa = PBXSourcesBuildPhase;
			buildActionMask = 2147483647;
			files = (
			);
			runOnlyForDeploymentPostprocessing = 0;
		};
/* End PBXSourcesBuildPhase section */

/* Begin PBXTargetDependency section */
		7177F4942D9B077E006CC9DB /* PBXTargetDependency */ = {
			isa = PBXTargetDependency;
			target = 7177F4812D9B077D006CC9DB /* VPN */;
			targetProxy = 7177F4932D9B077E006CC9DB /* PBXContainerItemProxy */;
		};
		7177F49E2D9B077E006CC9DB /* PBXTargetDependency */ = {
			isa = PBXTargetDependency;
			target = 7177F4812D9B077D006CC9DB /* VPN */;
			targetProxy = 7177F49D2D9B077E006CC9DB /* PBXContainerItemProxy */;
		};
/* End PBXTargetDependency section */

/* Begin XCBuildConfiguration section */
		7177F4A42D9B077E006CC9DB /* Debug */ = {
			isa = XCBuildConfiguration;
			buildSettings = {
				ALWAYS_SEARCH_USER_PATHS = NO;
				ASSETCATALOG_COMPILER_GENERATE_SWIFT_ASSET_SYMBOL_EXTENSIONS = YES;
				CLANG_ANALYZER_NONNULL = YES;
				CLANG_ANALYZER_NUMBER_OBJECT_CONVERSION = YES_AGGRESSIVE;
				CLANG_CXX_LANGUAGE_STANDARD = "gnu++20";
				CLANG_ENABLE_MODULES = YES;
				CLANG_ENABLE_OBJC_ARC = YES;
				CLANG_ENABLE_OBJC_WEAK = YES;
				CLANG_WARN_BLOCK_CAPTURE_AUTORELEASING = YES;
				CLANG_WARN_BOOL_CONVERSION = YES;
				CLANG_WARN_COMMA = YES;
				CLANG_WARN_CONSTANT_CONVERSION = YES;
				CLANG_WARN_DEPRECATED_OBJC_IMPLEMENTATIONS = YES;
				CLANG_WARN_DIRECT_OBJC_ISA_USAGE = YES_ERROR;
				CLANG_WARN_DOCUMENTATION_COMMENTS = YES;
				CLANG_WARN_EMPTY_BODY = YES;
				CLANG_WARN_ENUM_CONVERSION = YES;
				CLANG_WARN_INFINITE_RECURSION = YES;
				CLANG_WARN_INT_CONVERSION = YES;
				CLANG_WARN_NON_LITERAL_NULL_CONVERSION = YES;
				CLANG_WARN_OBJC_IMPLICIT_RETAIN_SELF = YES;
				CLANG_WARN_OBJC_LITERAL_CONVERSION = YES;
				CLANG_WARN_OBJC_ROOT_CLASS = YES_ERROR;
				CLANG_WARN_QUOTED_INCLUDE_IN_FRAMEWORK_HEADER = YES;
				CLANG_WARN_RANGE_LOOP_ANALYSIS = YES;
				CLANG_WARN_STRICT_PROTOTYPES = YES;
				CLANG_WARN_SUSPICIOUS_MOVE = YES;
				CLANG_WARN_UNGUARDED_AVAILABILITY = YES_AGGRESSIVE;
				CLANG_WARN_UNREACHABLE_CODE = YES;
				CLANG_WARN__DUPLICATE_METHOD_MATCH = YES;
				COPY_PHASE_STRIP = NO;
				DEBUG_INFORMATION_FORMAT = dwarf;
				ENABLE_STRICT_OBJC_MSGSEND = YES;
				ENABLE_TESTABILITY = YES;
				ENABLE_USER_SCRIPT_SANDBOXING = YES;
				GCC_C_LANGUAGE_STANDARD = gnu17;
				GCC_DYNAMIC_NO_PIC = NO;
				GCC_NO_COMMON_BLOCKS = YES;
				GCC_OPTIMIZATION_LEVEL = 0;
				GCC_PREPROCESSOR_DEFINITIONS = (
					"DEBUG=1",
					"$(inherited)",
				);
				GCC_WARN_64_TO_32_BIT_CONVERSION = YES;
				GCC_WARN_ABOUT_RETURN_TYPE = YES_ERROR;
				GCC_WARN_UNDECLARED_SELECTOR = YES;
				GCC_WARN_UNINITIALIZED_AUTOS = YES_AGGRESSIVE;
				GCC_WARN_UNUSED_FUNCTION = YES;
				GCC_WARN_UNUSED_VARIABLE = YES;
				IPHONEOS_DEPLOYMENT_TARGET = 18.2;
				LOCALIZATION_PREFERS_STRING_CATALOGS = YES;
				MTL_ENABLE_DEBUG_INFO = INCLUDE_SOURCE;
				MTL_FAST_MATH = YES;
				ONLY_ACTIVE_ARCH = YES;
				SDKROOT = iphoneos;
				SWIFT_ACTIVE_COMPILATION_CONDITIONS = "DEBUG $(inherited)";
				SWIFT_OPTIMIZATION_LEVEL = "-Onone";
			};
			name = Debug;
		};
		7177F4A52D9B077E006CC9DB /* Release */ = {
			isa = XCBuildConfiguration;
			buildSettings = {
				ALWAYS_SEARCH_USER_PATHS = NO;
				ASSETCATALOG_COMPILER_GENERATE_SWIFT_ASSET_SYMBOL_EXTENSIONS = YES;
				CLANG_ANALYZER_NONNULL = YES;
				CLANG_ANALYZER_NUMBER_OBJECT_CONVERSION = YES_AGGRESSIVE;
				CLANG_CXX_LANGUAGE_STANDARD = "gnu++20";
				CLANG_ENABLE_MODULES = YES;
				CLANG_ENABLE_OBJC_ARC = YES;
				CLANG_ENABLE_OBJC_WEAK = YES;
				CLANG_WARN_BLOCK_CAPTURE_AUTORELEASING = YES;
				CLANG_WARN_BOOL_CONVERSION = YES;
				CLANG_WARN_COMMA = YES;
				CLANG_WARN_CONSTANT_CONVERSION = YES;
				CLANG_WARN_DEPRECATED_OBJC_IMPLEMENTATIONS = YES;
				CLANG_WARN_DIRECT_OBJC_ISA_USAGE = YES_ERROR;
				CLANG_WARN_DOCUMENTATION_COMMENTS = YES;
				CLANG_WARN_EMPTY_BODY = YES;
				CLANG_WARN_ENUM_CONVERSION = YES;
				CLANG_WARN_INFINITE_RECURSION = YES;
				CLANG_WARN_INT_CONVERSION = YES;
				CLANG_WARN_NON_LITERAL_NULL_CONVERSION = YES;
				CLANG_WARN_OBJC_IMPLICIT_RETAIN_SELF = YES;
				CLANG_WARN_OBJC_LITERAL_CONVERSION = YES;
				CLANG_WARN_OBJC_ROOT_CLASS = YES_ERROR;
				CLANG_WARN_QUOTED_INCLUDE_IN_FRAMEWORK_HEADER = YES;
				CLANG_WARN_RANGE_LOOP_ANALYSIS = YES;
				CLANG_WARN_STRICT_PROTOTYPES = YES;
				CLANG_WARN_SUSPICIOUS_MOVE = YES;
				CLANG_WARN_UNGUARDED_AVAILABILITY = YES_AGGRESSIVE;
				CLANG_WARN_UNREACHABLE_CODE = YES;
				CLANG_WARN__DUPLICATE_METHOD_MATCH = YES;
				COPY_PHASE_STRIP = NO;
				DEBUG_INFORMATION_FORMAT = "dwarf-with-dsym";
				ENABLE_NS_ASSERTIONS = NO;
				ENABLE_STRICT_OBJC_MSGSEND = YES;
				ENABLE_USER_SCRIPT_SANDBOXING = YES;
				GCC_C_LANGUAGE_STANDARD = gnu17;
				GCC_NO_COMMON_BLOCKS = YES;
				GCC_WARN_64_TO_32_BIT_CONVERSION = YES;
				GCC_WARN_ABOUT_RETURN_TYPE = YES_ERROR;
				GCC_WARN_UNDECLARED_SELECTOR = YES;
				GCC_WARN_UNINITIALIZED_AUTOS = YES_AGGRESSIVE;
				GCC_WARN_UNUSED_FUNCTION = YES;
				GCC_WARN_UNUSED_VARIABLE = YES;
				IPHONEOS_DEPLOYMENT_TARGET = 18.2;
				LOCALIZATION_PREFERS_STRING_CATALOGS = YES;
				MTL_ENABLE_DEBUG_INFO = NO;
				MTL_FAST_MATH = YES;
				SDKROOT = iphoneos;
				SWIFT_COMPILATION_MODE = wholemodule;
				VALIDATE_PRODUCT = YES;
			};
			name = Release;
		};
		7177F4A72D9B077E006CC9DB /* Debug */ = {
			isa = XCBuildConfiguration;
			buildSettings = {
				ASSETCATALOG_COMPILER_APPICON_NAME = AppIcon;
				ASSETCATALOG_COMPILER_GLOBAL_ACCENT_COLOR_NAME = AccentColor;
				CODE_SIGN_STYLE = Automatic;
				CURRENT_PROJECT_VERSION = 1;
				DEVELOPMENT_ASSET_PATHS = "\"VPN/Preview Content\"";
				DEVELOPMENT_TEAM = 8H852RGD9A;
				ENABLE_PREVIEWS = YES;
				GENERATE_INFOPLIST_FILE = YES;
				INFOPLIST_KEY_UIApplicationSceneManifest_Generation = YES;
				INFOPLIST_KEY_UIApplicationSupportsIndirectInputEvents = YES;
				INFOPLIST_KEY_UILaunchScreen_Generation = YES;
				INFOPLIST_KEY_UISupportedInterfaceOrientations_iPad = "UIInterfaceOrientationPortrait UIInterfaceOrientationPortraitUpsideDown UIInterfaceOrientationLandscapeLeft UIInterfaceOrientationLandscapeRight";
				INFOPLIST_KEY_UISupportedInterfaceOrientations_iPhone = "UIInterfaceOrientationPortrait UIInterfaceOrientationLandscapeLeft UIInterfaceOrientationLandscapeRight";
				LD_RUNPATH_SEARCH_PATHS = (
					"$(inherited)",
					"@executable_path/Frameworks",
				);
				LIBRARY_SEARCH_PATHS = (
					"$(inherited)",
					"$(PROJECT_DIR)/VPN/Server/zig-out/lib",
					"$(PROJECT_DIR)/VPN/Server/zig-cache/o/886de11143188f9b2791767ff5053e84",
					"$(PROJECT_DIR)/VPN/server/zig-cache/o/f4d83f4da10c08ac534cca95a92fd9b9",
					"$(PROJECT_DIR)/VPN/server/zig-out/lib",
					"$(PROJECT_DIR)/VPN/server/zig-cache/o/281dd8fef0c5d77ffa5743047d0e30f2",
					"$(PROJECT_DIR)/VPN/server/zig-cache/o/52269da52829dc07822f8dfebfba1368",
					"$(PROJECT_DIR)/VPN/server/zig-cache/o/1d7bb3fbc1444b013bcc6f9132e24481",
					"$(PROJECT_DIR)/VPN/server/zig-cache/o/04e5ad23b6e9bcb0e620b0a35673628d",
					"$(PROJECT_DIR)/VPN/server/zig-cache/o/ce2a2f9a9d3f7b0e7ef588767cf797da",
					"$(PROJECT_DIR)/VPN/server/zig-cache/o/8f21158a0c5fe2ced2fe29a3dc03ca73",
					"$(PROJECT_DIR)/VPN/server/zig-cache/o/3140836b58075e36c39157cc09c08b4d",
					"$(PROJECT_DIR)/VPN/server/zig-cache/o/74fb4f5536f39ad5e3ee6ed7a025b6c6",
				);
				MARKETING_VERSION = 1.0;
				PRODUCT_BUNDLE_IDENTIFIER = school.VPN;
				PRODUCT_NAME = "$(TARGET_NAME)";
				SWIFT_EMIT_LOC_STRINGS = YES;
				SWIFT_VERSION = 5.0;
				TARGETED_DEVICE_FAMILY = "1,2";
			};
			name = Debug;
		};
		7177F4A82D9B077E006CC9DB /* Release */ = {
			isa = XCBuildConfiguration;
			buildSettings = {
				ASSETCATALOG_COMPILER_APPICON_NAME = AppIcon;
				ASSETCATALOG_COMPILER_GLOBAL_ACCENT_COLOR_NAME = AccentColor;
				CODE_SIGN_STYLE = Automatic;
				CURRENT_PROJECT_VERSION = 1;
				DEVELOPMENT_ASSET_PATHS = "\"VPN/Preview Content\"";
				DEVELOPMENT_TEAM = 8H852RGD9A;
				ENABLE_PREVIEWS = YES;
				GENERATE_INFOPLIST_FILE = YES;
				INFOPLIST_KEY_UIApplicationSceneManifest_Generation = YES;
				INFOPLIST_KEY_UIApplicationSupportsIndirectInputEvents = YES;
				INFOPLIST_KEY_UILaunchScreen_Generation = YES;
				INFOPLIST_KEY_UISupportedInterfaceOrientations_iPad = "UIInterfaceOrientationPortrait UIInterfaceOrientationPortraitUpsideDown UIInterfaceOrientationLandscapeLeft UIInterfaceOrientationLandscapeRight";
				INFOPLIST_KEY_UISupportedInterfaceOrientations_iPhone = "UIInterfaceOrientationPortrait UIInterfaceOrientationLandscapeLeft UIInterfaceOrientationLandscapeRight";
				LD_RUNPATH_SEARCH_PATHS = (
					"$(inherited)",
					"@executable_path/Frameworks",
				);
				LIBRARY_SEARCH_PATHS = (
					"$(inherited)",
					"$(PROJECT_DIR)/VPN/Server/zig-out/lib",
					"$(PROJECT_DIR)/VPN/Server/zig-cache/o/886de11143188f9b2791767ff5053e84",
					"$(PROJECT_DIR)/VPN/server/zig-cache/o/f4d83f4da10c08ac534cca95a92fd9b9",
					"$(PROJECT_DIR)/VPN/server/zig-out/lib",
					"$(PROJECT_DIR)/VPN/server/zig-cache/o/281dd8fef0c5d77ffa5743047d0e30f2",
					"$(PROJECT_DIR)/VPN/server/zig-cache/o/52269da52829dc07822f8dfebfba1368",
					"$(PROJECT_DIR)/VPN/server/zig-cache/o/1d7bb3fbc1444b013bcc6f9132e24481",
					"$(PROJECT_DIR)/VPN/server/zig-cache/o/04e5ad23b6e9bcb0e620b0a35673628d",
					"$(PROJECT_DIR)/VPN/server/zig-cache/o/ce2a2f9a9d3f7b0e7ef588767cf797da",
					"$(PROJECT_DIR)/VPN/server/zig-cache/o/8f21158a0c5fe2ced2fe29a3dc03ca73",
					"$(PROJECT_DIR)/VPN/server/zig-cache/o/3140836b58075e36c39157cc09c08b4d",
					"$(PROJECT_DIR)/VPN/server/zig-cache/o/74fb4f5536f39ad5e3ee6ed7a025b6c6",
				);
				MARKETING_VERSION = 1.0;
				PRODUCT_BUNDLE_IDENTIFIER = school.VPN;
				PRODUCT_NAME = "$(TARGET_NAME)";
				SWIFT_EMIT_LOC_STRINGS = YES;
				SWIFT_VERSION = 5.0;
				TARGETED_DEVICE_FAMILY = "1,2";
			};
			name = Release;
		};
		7177F4AA2D9B077E006CC9DB /* Debug */ = {
			isa = XCBuildConfiguration;
			buildSettings = {
				BUNDLE_LOADER = "$(TEST_HOST)";
				CODE_SIGN_STYLE = Automatic;
				CURRENT_PROJECT_VERSION = 1;
				DEVELOPMENT_TEAM = 8H852RGD9A;
				GENERATE_INFOPLIST_FILE = YES;
				IPHONEOS_DEPLOYMENT_TARGET = 18.2;
				MARKETING_VERSION = 1.0;
				PRODUCT_BUNDLE_IDENTIFIER = school.VPNTests;
				PRODUCT_NAME = "$(TARGET_NAME)";
				SWIFT_EMIT_LOC_STRINGS = NO;
				SWIFT_VERSION = 5.0;
				TARGETED_DEVICE_FAMILY = "1,2";
				TEST_HOST = "$(BUILT_PRODUCTS_DIR)/VPN.app/$(BUNDLE_EXECUTABLE_FOLDER_PATH)/VPN";
			};
			name = Debug;
		};
		7177F4AB2D9B077E006CC9DB /* Release */ = {
			isa = XCBuildConfiguration;
			buildSettings = {
				BUNDLE_LOADER = "$(TEST_HOST)";
				CODE_SIGN_STYLE = Automatic;
				CURRENT_PROJECT_VERSION = 1;
				DEVELOPMENT_TEAM = 8H852RGD9A;
				GENERATE_INFOPLIST_FILE = YES;
				IPHONEOS_DEPLOYMENT_TARGET = 18.2;
				MARKETING_VERSION = 1.0;
				PRODUCT_BUNDLE_IDENTIFIER = school.VPNTests;
				PRODUCT_NAME = "$(TARGET_NAME)";
				SWIFT_EMIT_LOC_STRINGS = NO;
				SWIFT_VERSION = 5.0;
				TARGETED_DEVICE_FAMILY = "1,2";
				TEST_HOST = "$(BUILT_PRODUCTS_DIR)/VPN.app/$(BUNDLE_EXECUTABLE_FOLDER_PATH)/VPN";
			};
			name = Release;
		};
		7177F4AD2D9B077E006CC9DB /* Debug */ = {
			isa = XCBuildConfiguration;
			buildSettings = {
				CODE_SIGN_STYLE = Automatic;
				CURRENT_PROJECT_VERSION = 1;
				DEVELOPMENT_TEAM = 8H852RGD9A;
				GENERATE_INFOPLIST_FILE = YES;
				MARKETING_VERSION = 1.0;
				PRODUCT_BUNDLE_IDENTIFIER = school.VPNUITests;
				PRODUCT_NAME = "$(TARGET_NAME)";
				SWIFT_EMIT_LOC_STRINGS = NO;
				SWIFT_VERSION = 5.0;
				TARGETED_DEVICE_FAMILY = "1,2";
				TEST_TARGET_NAME = VPN;
			};
			name = Debug;
		};
		7177F4AE2D9B077E006CC9DB /* Release */ = {
			isa = XCBuildConfiguration;
			buildSettings = {
				CODE_SIGN_STYLE = Automatic;
				CURRENT_PROJECT_VERSION = 1;
				DEVELOPMENT_TEAM = 8H852RGD9A;
				GENERATE_INFOPLIST_FILE = YES;
				MARKETING_VERSION = 1.0;
				PRODUCT_BUNDLE_IDENTIFIER = school.VPNUITests;
				PRODUCT_NAME = "$(TARGET_NAME)";
				SWIFT_EMIT_LOC_STRINGS = NO;
				SWIFT_VERSION = 5.0;
				TARGETED_DEVICE_FAMILY = "1,2";
				TEST_TARGET_NAME = VPN;
			};
			name = Release;
		};
/* End XCBuildConfiguration section */

/* Begin XCConfigurationList section */
		7177F47D2D9B077D006CC9DB /* Build configuration list for PBXProject "VPN" */ = {
			isa = XCConfigurationList;
			buildConfigurations = (
				7177F4A42D9B077E006CC9DB /* Debug */,
				7177F4A52D9B077E006CC9DB /* Release */,
			);
			defaultConfigurationIsVisible = 0;
			defaultConfigurationName = Release;
		};
		7177F4A62D9B077E006CC9DB /* Build configuration list for PBXNativeTarget "VPN" */ = {
			isa = XCConfigurationList;
			buildConfigurations = (
				7177F4A72D9B077E006CC9DB /* Debug */,
				7177F4A82D9B077E006CC9DB /* Release */,
			);
			defaultConfigurationIsVisible = 0;
			defaultConfigurationName = Release;
		};
		7177F4A92D9B077E006CC9DB /* Build configuration list for PBXNativeTarget "VPNTests" */ = {
			isa = XCConfigurationList;
			buildConfigurations = (
				7177F4AA2D9B077E006CC9DB /* Debug */,
				7177F4AB2D9B077E006CC9DB /* Release */,
			);
			defaultConfigurationIsVisible = 0;
			defaultConfigurationName = Release;
		};
		7177F4AC2D9B077E006CC9DB /* Build configuration list for PBXNativeTarget "VPNUITests" */ = {
			isa = XCConfigurationList;
			buildConfigurations = (
				7177F4AD2D9B077E006CC9DB /* Debug */,
				7177F4AE2D9B077E006CC9DB /* Release */,
			);
			defaultConfigurationIsVisible = 0;
			defaultConfigurationName = Release;
		};
/* End XCConfigurationList section */
	};
	rootObject = 7177F47A2D9B077D006CC9DB /* Project object */;
}
